{
    "_meta": {
        "hash": {
            "sha256": "17c766bcbef2ea8e78a97c8b6796f9670a7bc33d103a392fb925a53c7fb873ea"
        },
        "pipfile-spec": 6,
        "requires": {
            "python_version": "2.7"
        },
        "sources": [
            {
                "name": "pypi",
                "url": "https://pypi.python.org/simple",
                "verify_ssl": true
            }
        ]
    },
    "default": {
        "aniso8601": {
            "hashes": [
                "sha256:547e7bc88c19742e519fb4ca39f4b8113fdfb8fca322e325f16a8bfc6cfc553c",
                "sha256:e7560de91bf00baa712b2550a2fdebf0188c5fce2fcd1162fbac75c19bb29c95"
            ],
            "version": "==4.0.1"
        },
        "apscheduler": {
            "hashes": [
                "sha256:443d015339ceca347f9ed14a66e9b610f99f19f8ef9048aa1cdabee2560824e1",
                "sha256:952c8f46a11f32b9d5bfbe3e347dac2cdf0680d8b4799590dc9c3a9865b73b65"
            ],
            "index": "pypi",
            "version": "==3.5.1"
        },
        "atomicwrites": {
            "hashes": [
                "sha256:0312ad34fcad8fac3704d441f7b317e50af620823353ec657a53e981f92920c0",
                "sha256:ec9ae8adaae229e4f8446952d204a3e4b5fdd2d099f9be3aaf556120135fb3ee"
            ],
            "version": "==1.2.1"
        },
        "attrs": {
            "hashes": [
                "sha256:10cbf6e27dbce8c30807caf056c8eb50917e0eaafe86347671b57254006c3e69",
                "sha256:ca4be454458f9dec299268d472aaa5a11f67a4ff70093396e1ceae9c76cf4bbb"
            ],
            "version": "==18.2.0"
        },
        "click": {
            "hashes": [
                "sha256:2335065e6395b9e67ca716de5f7526736bfa6ceead690adf616d925bdc622b13",
                "sha256:5b94b49521f6456670fdb30cd82a4eca9412788a93fa6dd6df72c94d5a8ff2d7"
            ],
            "version": "==7.0"
        },
        "configparser": {
            "hashes": [
                "sha256:5308b47021bc2340965c371f0f058cc6971a04502638d4244225c49d80db273a"
            ],
            "index": "pypi",
            "version": "==3.5.0"
        },
        "flask": {
            "hashes": [
                "sha256:2271c0070dbcb5275fad4a82e29f23ab92682dc45f9dfbc22c02ba9b9322ce48",
                "sha256:a080b744b7e345ccfcbc77954861cb05b3c63786e93f2b3875e0913d44b43f05"
            ],
            "index": "pypi",
            "version": "==1.0.2"
        },
        "flask-apscheduler": {
            "hashes": [
                "sha256:75ba47a5b6e526892a77213f7f4a6941943dc61768764bd880848c079160ce62"
            ],
            "index": "pypi",
            "version": "==1.8.0"
        },
        "flask-pymongo": {
            "hashes": [
                "sha256:7437ffe54efbf3681f43700b101a990c876da5c3693a6634c191dfbc1ee5d49c",
                "sha256:aab5ddab8f443e8a011e024f618bb89e078bdcc2274597079469fdf5ddc032b5"
            ],
            "index": "pypi",
            "version": "==0.5.2"
        },
        "flask-restful": {
            "hashes": [
                "sha256:5795519501347e108c436b693ff9a4d7b373a3ac9069627d64e4001c05dd3407",
                "sha256:e2f1b8063de3944b94c7f8be5cee4d2161db0267c54c5b757d875295061776fa"
            ],
            "index": "pypi",
            "version": "==0.3.6"
        },
        "flask-socketio": {
            "hashes": [
                "sha256:034c36bad808f93efd5b0aeafd740dc314b0a848f17e9ec6c387c74b3f22dfe7",
                "sha256:794426c85f5b79d66c3ca583b6185d334f1493e655a1a0f02eb893a56970afe4"
            ],
            "index": "pypi",
            "version": "==3.0.1"
        },
        "funcsigs": {
            "hashes": [
                "sha256:330cc27ccbf7f1e992e69fef78261dc7c6569012cf397db8d3de0234e6c937ca",
                "sha256:a7bb0f2cf3a3fd1ab2732cb49eba4252c2af4240442415b4abce3b87022a8f50"
            ],
            "markers": "python_version < '3.0'",
            "version": "==1.0.2"
        },
        "futures": {
            "hashes": [
                "sha256:9ec02aa7d674acb8618afb127e27fde7fc68994c0437ad759fa094a574adb265",
                "sha256:ec0a6cb848cc212002b9828c3e34c675e0c9ff6741dc445cab6fdd4e1085d1f1"
            ],
            "markers": "python_version == '2.7'",
            "version": "==3.2.0"
        },
        "gevent": {
            "hashes": [
                "sha256:01ee9787d0a2182c0d56026d3923f73e6879835b1a85d4f996d00d09f1ecab20",
                "sha256:0bae07cfd8a5a027b8e8a94d74e875d10809f2cc05bde84f31fd1748e4d43657",
                "sha256:42b667080f7ab662d9c13d2e4d03289ee807d7926af9917685c844e481141563",
                "sha256:4b668ea8a3e9e348aec21cd43e6fab63c5b50f0c6d57fa8b4cfb6cf9c72953d1",
                "sha256:5756aabe722e158eff7a34124163f4c4f3dff01d078d00365ca21b380381906d",
                "sha256:59465c7bce7671834f58b44ef62cd8626f1557a0e7e3de44a3b596056f8adc73",
                "sha256:6a28d9e375df29200a5e0503f899a45b902cc0e40f4e4de1471773d87c43607a",
                "sha256:73e50dccb4a2787002867ea59f40f5e0a5080f841d003f7660794bde216187c9",
                "sha256:795006da15d13227d811c09999d37acc92c43c27341a2c9ae96094135ad56908",
                "sha256:8957d025e3c361b56b268f35e59777013827848e166d8c0219e47d3b80e2f1ac",
                "sha256:8c461a5897e520dd5ec4de725dae030d8c0ac74d07c704aa1fb3b6453315b865",
                "sha256:9bff994b9eb5fb2652af74dc8adb09914f3752db25381ccb2c75e2fa45e4f522",
                "sha256:a9fa2de95f203982135aaa80979270df83a195a38a152103cd3723b185e407ff",
                "sha256:ac0d572a48275495db9513d7bb5d41ccf4f820b7df4594e704fa5891de0d86c4",
                "sha256:ba94d6b3998fbb2828fb9d585e409ec46d958bafd7e3f185a14146c3615231d7",
                "sha256:bb3bd3aaec9cc51f6fcbb2e7ac2063a1a0160159fe0fee5e978ebceef4ed35d2",
                "sha256:cb2f2810a4a1de40cec38d18d3255eb6f4b0778ed3b4dcce03b0b7d462f1f8d4",
                "sha256:df7794dc0117215a236b7efe83850dbf6ff90c34c5d0b4da01843f89efabc3d4",
                "sha256:e66bac19c88faad0884da2e7b95ef90053927e552e3e50046145014d54dd9d01",
                "sha256:f04bbc9b64696775a2367b1d07c124d1ae1d1d70bdd4523db28f81de126d22e6",
                "sha256:fd6fdfa71cf4a21d33c32df2b261b18aaf41128e6db29c1d27c5fa5e0a5459d5"
            ],
            "index": "pypi",
            "version": "==1.3.3"
        },
        "greenlet": {
            "hashes": [
                "sha256:000546ad01e6389e98626c1367be58efa613fa82a1be98b0c6fc24b563acc6d0",
                "sha256:0d48200bc50cbf498716712129eef819b1729339e34c3ae71656964dac907c28",
                "sha256:23d12eacffa9d0f290c0fe0c4e81ba6d5f3a5b7ac3c30a5eaf0126bf4deda5c8",
                "sha256:37c9ba82bd82eb6a23c2e5acc03055c0e45697253b2393c9a50cef76a3985304",
                "sha256:51503524dd6f152ab4ad1fbd168fc6c30b5795e8c70be4410a64940b3abb55c0",
                "sha256:8041e2de00e745c0e05a502d6e6db310db7faa7c979b3a5877123548a4c0b214",
                "sha256:81fcd96a275209ef117e9ec91f75c731fa18dcfd9ffaa1c0adbdaa3616a86043",
                "sha256:853da4f9563d982e4121fed8c92eea1a4594a2299037b3034c3c898cb8e933d6",
                "sha256:8b4572c334593d449113f9dc8d19b93b7b271bdbe90ba7509eb178923327b625",
                "sha256:9416443e219356e3c31f1f918a91badf2e37acf297e2fa13d24d1cc2380f8fbc",
                "sha256:9854f612e1b59ec66804931df5add3b2d5ef0067748ea29dc60f0efdcda9a638",
                "sha256:99a26afdb82ea83a265137a398f570402aa1f2b5dfb4ac3300c026931817b163",
                "sha256:a19bf883b3384957e4a4a13e6bd1ae3d85ae87f4beb5957e35b0be287f12f4e4",
                "sha256:a9f145660588187ff835c55a7d2ddf6abfc570c2651c276d3d4be8a2766db490",
                "sha256:ac57fcdcfb0b73bb3203b58a14501abb7e5ff9ea5e2edfa06bb03035f0cff248",
                "sha256:bcb530089ff24f6458a81ac3fa699e8c00194208a724b644ecc68422e1111939",
                "sha256:beeabe25c3b704f7d56b573f7d2ff88fc99f0138e43480cecdfcaa3b87fe4f87",
                "sha256:d634a7ea1fc3380ff96f9e44d8d22f38418c1c381d5fac680b272d7d90883720",
                "sha256:d97b0661e1aead761f0ded3b769044bb00ed5d33e1ec865e891a8b128bf7c656"
            ],
            "markers": "platform_python_implementation == 'CPython'",
            "version": "==0.4.15"
        },
        "gunicorn": {
            "hashes": [
                "sha256:7ef2b828b335ed58e3b64ffa84caceb0a7dd7c5ca12f217241350dec36a1d5dc",
                "sha256:bc59005979efb6d2dd7d5ba72d99f8a8422862ad17ff3a16e900684630dd2a10"
            ],
            "index": "pypi",
            "version": "==19.8.1"
        },
        "itsdangerous": {
            "hashes": [
                "sha256:321b033d07f2a4136d3ec762eac9f16a10ccd60f53c0c91af90217ace7ba1f19",
                "sha256:b12271b2047cb23eeb98c8b5622e2e5c5e9abd9784a153e9d8ef9cb4dd09d749"
            ],
            "version": "==1.1.0"
        },
        "jinja2": {
            "hashes": [
                "sha256:74c935a1b8bb9a3947c50a54766a969d4846290e1e788ea44c1392163723c3bd",
                "sha256:f84be1bb0040caca4cea721fcbbbbd61f9be9464ca236387158b0feea01914a4"
            ],
            "version": "==2.10"
        },
        "markupsafe": {
            "hashes": [
                "sha256:a6be69091dac236ea9c6bc7d012beab42010fa914c459791d627dad4910eb665"
            ],
            "version": "==1.0"
        },
        "marshmallow": {
            "hashes": [
                "sha256:171f409d48b44786b7df2793cbd7f1a9062f0fe2c14d547da536b5010f671ade",
                "sha256:c231784b5a5d2b26e50c90f3038004a3552ec27658cde6e0a5a7279d0c5a8e26"
            ],
            "index": "pypi",
            "version": "==2.15.3"
        },
        "more-itertools": {
            "hashes": [
                "sha256:c187a73da93e7a8acc0001572aebc7e3c69daf7bf6881a2cea10650bd4420092",
                "sha256:c476b5d3a34e12d40130bc2f935028b5f636df8f372dc2c1c01dc19681b2039e",
                "sha256:fcbfeaea0be121980e15bc97b3817b5202ca73d0eae185b4550cbfce2a3ebb3d"
            ],
            "version": "==4.3.0"
        },
        "pathlib2": {
            "hashes": [
                "sha256:8eb170f8d0d61825e09a95b38be068299ddeda82f35e96c3301a8a5e7604cb83",
                "sha256:d1aa2a11ba7b8f7b21ab852b1fb5afb277e1bb99d5dfc663380b5015c0d80c5a"
            ],
            "markers": "python_version < '3.6'",
            "version": "==2.3.2"
        },
        "pluggy": {
            "hashes": [
                "sha256:447ba94990e8014ee25ec853339faf7b0fc8050cdc3289d4d71f7f410fb90095",
                "sha256:bde19360a8ec4dfd8a20dcb811780a30998101f078fc7ded6162f0076f50508f"
            ],
            "version": "==0.8.0"
        },
        "py": {
            "hashes": [
                "sha256:bf92637198836372b520efcba9e020c330123be8ce527e535d185ed4b6f45694",
                "sha256:e76826342cefe3c3d5f7e8ee4316b80d1dd8a300781612ddbc765c17ba25a6c6"
            ],
            "version": "==1.7.0"
        },
        "pymongo": {
            "hashes": [
                "sha256:0093b91240b45f69bf1ea645185d31a96ae6532040d405018422d16bd5e62626",
                "sha256:0355c52c3b58246841a226881c9c07a0f98dea8f44c9480eb91a599cf4ea47df",
                "sha256:06aa0ef467c2f1e1f32557b656f2cc3fda6e2ab689ac0ceff820b9d680e1484c",
                "sha256:0c650b54c7c57ad843d59a94919565eb3c3c0d605da1d1fef1e5f033dd3ab525",
                "sha256:12d6e3695c610ba4c23ac2d0d514dc1641bbb0db3a691ceba79134b8bbd86121",
                "sha256:14d23f364f4bb8ab027222f36edccc998ec2e1ed356f4ae2a47b9ab44df38f98",
                "sha256:196a58e13f222a3d47cb812c41f1013308323ee3ae42c81ed0d1dfe26b287ea1",
                "sha256:1c527cea4fcf7405e083b63a0d592a62cc91a75d6b9b9fa1c90b5584aa0eae5e",
                "sha256:266871ed2726ba7cb13d1de1ad63ead2f36ebe5a22e51d9a4334fd3c43c98a25",
                "sha256:3c6b2317f8031bc1e200fd1ea35f00a96f4569e3f3f220a5e66ab6227d96ccaf",
                "sha256:3df13341df4016b8a09c55f15810edb452cdd67a1a3688e22d09e75f9e0cb1c5",
                "sha256:410a62f3be04882f04ec201c49059808a339a55507eefbff4c917d662ef34ca9",
                "sha256:4590e2b6398e7ff620f6e56b12dd87fc21b023b96cc687cc75353cc998bdc5bd",
                "sha256:4ac6b67f4ba00334f26fc09cf40a6f66a91e18cd8e91a8a898c769da534662c2",
                "sha256:4c3eea6f9c5ec96ef5da0aa69fd2cb2de8eabe7ba664182c0ec62656ab75c181",
                "sha256:4d6f5564269ad64dbbe07d146bfed9c69ff3d38de4b79af522df52dc2d025fb4",
                "sha256:50902a6d472069aba9ab19006a911f4437e7373769a150207685a7c1bcb08886",
                "sha256:5328f337633874de928efb92749105ddd142ed9fc32e042a62f24916c6eff021",
                "sha256:544d8fc9faf1b749b1db6a861f148530fff326769198892d3dad81c0b329f267",
                "sha256:5cb0542e6d1b1c0ed1fc5103c7ea8029827c982a5b9f673ac5808fd0bed9dda6",
                "sha256:6a3df68ea539788773cfda11dd5f63741d39d15ed7138453dc15960dcdc91a6e",
                "sha256:6b281f2c047d3b30a7f4a1e5967725c8db2988fb2df21eb0f7602a531dd088f1",
                "sha256:6cd1dfcf1bc341908f8f9676d38a90654dab0220be84d3712f3d2ad7ace88787",
                "sha256:72b4e67813e946e0397e616d754380ace8406c20f46685beadbc49ee42395b1e",
                "sha256:73b2e32aabe0ddaca47fc737fc9e0acbc4a3d8e1c18c35addb94b122f6936753",
                "sha256:7af7beeeb254f42eab8e634ef4628c5f95e23dd5e8d02e390b05bbbe58c99e48",
                "sha256:7b85c44281ecfb45f13a3f479a66c80a62fd8917504dbd07d02440825db6e50c",
                "sha256:7f2d5e1d90ec5762e4398fe803b4dc27381645701d0e36be7a564fd315fbfed3",
                "sha256:86a1b4c718503c3ee0e35b5055b6feaab3f4810920f261339e57356b349645f3",
                "sha256:8ffa47106788f1c3249eb86303fb7d829f3760530f7d10620cef6285c13d3c75",
                "sha256:addddf65a199e9d81a39b7fd6b9894e98d68c456a19c28d27944f47784c9bbea",
                "sha256:b71c31e51c3f99cec020b8cd90e8f5cbcc6a42db695d38cebe1c9bf5cb194021",
                "sha256:b7dda0e7e047bac59742ecc972cf3b229dcc4d95c8913336febc0b9df1eacac1",
                "sha256:b7f8fbc14281f9aa65a967f1ecbdd04a5beb0320fe6e6780ab1b670087b70f8c",
                "sha256:b8cee1dde031ddb67cceb79f314ae9ca6dded20af3b73bad2f1de1590b61ee1f",
                "sha256:bb3cde7a2f7fa69d2b08aed2b7601a348529492a871289420caa850a9a02d54b",
                "sha256:bd9568a772e61bb43abd05f2e88f82d73f6fa51f9d42cf8e40c63446f5308211",
                "sha256:bd9cac9968d9c79e9c23fea61e2e7766e5d1a93b12610a30c493c8d98f6fcaa7",
                "sha256:c79e54a800b51c831cd4da51da1c7daa009530f06df4cce400a91016efb085d0",
                "sha256:ccc378925b143c1e2bf1442239cef78a2fa060bbf5f514d114037b4917e92921",
                "sha256:cee83649a66c6fba4136d1acb34cfe878b4b8b83e0744785b121695d323ffd2b",
                "sha256:d3b5aefe035711ddf89e311dd2f06bec6d49bbc97d066bfa470cb33128771c18",
                "sha256:d924b64880be29cf421857409d35e8f6cfe6b3e870dacc6f7d37a3a36e41d802",
                "sha256:dc26942a1e18afffe6a9fd0e77d8c606119afa6fee37beacc027a86b1574ed8f",
                "sha256:f119d2b20dc705f7fecf772ee772bb2667b458777d4aa058ca4de1ecf90614b0",
                "sha256:f31ad9dd6eaa5c156dc1bb7851caf592cff7a9e3d94f9805f2998aaaca2a9cd6",
                "sha256:f500c8da510b07c90f42490e3c78ea693dddf87bc8fb42d3acaa5ab7ecf12572",
                "sha256:f5c6263f49baf43141d610309be4514a1bf4aebdd80b8da4731160faf25a012f",
                "sha256:f71a374f98e2812a4f3fcaf74d5d22d9c6a064fb1740e1f0a72ac236af96118e"
            ],
            "index": "pypi",
            "version": "==3.0.3"
        },
        "pytest": {
            "hashes": [
                "sha256:a9e5e8d7ab9d5b0747f37740276eb362e6a76275d76cebbb52c6049d93b475db",
                "sha256:bf47e8ed20d03764f963f0070ff1c8fda6e2671fc5dd562a4d3b7148ad60f5ca"
            ],
            "index": "pypi",
            "version": "==3.9.3"
        },
        "python-dateutil": {
            "hashes": [
                "sha256:063df5763652e21de43de7d9e00ccf239f953a832941e37be541614732cdfc93",
                "sha256:88f9287c0174266bb0d8cedd395cfba9c58e87e5ad86b2ce58859bc11be3cf02"
            ],
            "version": "==2.7.5"
        },
        "python-engineio": {
            "hashes": [
                "sha256:306a91fda59e3678b34755f475ff6b5b3dc0deb0272a23e213f2f259b5602c4c",
                "sha256:871f4d022eb9171e380281266ba2aef0759b264ba862350bc94e7a597a98a443"
            ],
            "version": "==2.3.2"
        },
        "python-socketio": {
            "hashes": [
                "sha256:3513110bc14db4c961c33af51169705bbaeead380ecafbe845275ac8c6f9395f",
                "sha256:bde24ef6132a3c2e1b24e77847b31d331abdf8da8c711f0ef9cee4785000e023"
            ],
            "version": "==2.0.0"
        },
        "pytz": {
            "hashes": [
                "sha256:642253af8eae734d1509fc6ac9c1aee5e5b69d76392660889979b9870610a46b",
                "sha256:91e3ccf2c344ffaa6defba1ce7f38f97026943f675b7703f44789768e4cb0ece"
            ],
            "version": "==2018.6"
        },
        "scandir": {
            "hashes": [
                "sha256:04b8adb105f2ed313a7c2ef0f1cf7aff4871aa7a1883fa4d8c44b5551ab052d6",
                "sha256:1444134990356c81d12f30e4b311379acfbbcd03e0bab591de2696a3b126d58e",
                "sha256:1b5c314e39f596875e5a95dd81af03730b338c277c54a454226978d5ba95dbb6",
                "sha256:346619f72eb0ddc4cf355ceffd225fa52506c92a2ff05318cfabd02a144e7c4e",
                "sha256:44975e209c4827fc18a3486f257154d34ec6eaec0f90fef0cca1caa482db7064",
                "sha256:61859fd7e40b8c71e609c202db5b0c1dbec0d5c7f1449dec2245575bdc866792",
                "sha256:a5e232a0bf188362fa00123cc0bb842d363a292de7126126df5527b6a369586a",
                "sha256:c14701409f311e7a9b7ec8e337f0815baf7ac95776cc78b419a1e6d49889a383",
                "sha256:c7708f29d843fc2764310732e41f0ce27feadde453261859ec0fca7865dfc41b",
                "sha256:c9009c527929f6e25604aec39b0a43c3f831d2947d89d6caaab22f057b7055c8",
                "sha256:f5c71e29b4e2af7ccdc03a020c626ede51da471173b4a6ad1e904f2b2e04b4bd"
            ],
            "markers": "python_version < '3.5'",
            "version": "==1.9.0"
        },
        "six": {
            "hashes": [
                "sha256:70e8a77beed4562e7f14fe23a786b54f6296e34344c23bc42f07b15018ff98e9",
                "sha256:832dc0e10feb1aa2c68dcc57dbb658f1c7e65b9b61af69048abc87a2db00a0eb"
            ],
            "version": "==1.11.0"
        },
        "tzlocal": {
            "hashes": [
                "sha256:4ebeb848845ac898da6519b9b31879cf13b6626f7184c496037b818e238f2c4e"
            ],
            "version": "==1.5.1"
        },
        "werkzeug": {
            "hashes": [
                "sha256:c3fd7a7d41976d9f44db327260e263132466836cef6f91512889ed60ad26557c",
                "sha256:d5da73735293558eb1651ee2fddc4d0dedcfa06538b8813a2e20011583c9e49b"
            ],
            "version": "==0.14.1"
        }
    },
    "develop": {
        "astroid": {
            "hashes": [
                "sha256:0ef2bf9f07c3150929b25e8e61b5198c27b0dca195e156f0e4d5bdd89185ca1a",
                "sha256:fc9b582dba0366e63540982c3944a9230cbc6f303641c51483fa547dcc22393a"
            ],
            "version": "==1.6.5"
        },
        "backports.functools-lru-cache": {
            "hashes": [
                "sha256:9d98697f088eb1b0fa451391f91afb5e3ebde16bbdb272819fd091151fda4f1a",
                "sha256:f0b0e4eba956de51238e17573b7087e852dfe9854afd2e9c873f73fc0ca0a6dd"
            ],
            "markers": "python_version < '3.4'",
            "version": "==1.5"
        },
        "configparser": {
            "hashes": [
                "sha256:5308b47021bc2340965c371f0f058cc6971a04502638d4244225c49d80db273a"
            ],
            "index": "pypi",
            "version": "==3.5.0"
        },
        "enum34": {
            "hashes": [
                "sha256:2d81cbbe0e73112bdfe6ef8576f2238f2ba27dd0d55752a776c41d38b7da2850",
                "sha256:644837f692e5f550741432dd3f223bbb9852018674981b1664e5dc339387588a",
                "sha256:6bd0f6ad48ec2aa117d3d141940d484deccda84d4fcd884f5c3d93c23ecd8c79",
                "sha256:8ad8c4783bf61ded74527bffb48ed9b54166685e4230386a9ed9b1279e2df5b1"
            ],
            "markers": "python_version < '3.4'",
            "version": "==1.1.6"
        },
        "futures": {
            "hashes": [
                "sha256:9ec02aa7d674acb8618afb127e27fde7fc68994c0437ad759fa094a574adb265",
                "sha256:ec0a6cb848cc212002b9828c3e34c675e0c9ff6741dc445cab6fdd4e1085d1f1"
            ],
            "markers": "python_version == '2.7'",
            "version": "==3.2.0"
        },
        "isort": {
            "hashes": [
                "sha256:1153601da39a25b14ddc54955dbbacbb6b2d19135386699e2ad58517953b34af",
                "sha256:b9c40e9750f3d77e6e4d441d8b0266cf555e7cdabdcff33c4fd06366ca761ef8",
                "sha256:ec9ef8f4a9bc6f71eec99e1806bfa2de401650d996c59330782b89a5555c1497"
            ],
            "version": "==4.3.4"
        },
        "lazy-object-proxy": {
            "hashes": [
                "sha256:0ce34342b419bd8f018e6666bfef729aec3edf62345a53b537a4dcc115746a33",
                "sha256:1b668120716eb7ee21d8a38815e5eb3bb8211117d9a90b0f8e21722c0758cc39",
                "sha256:209615b0fe4624d79e50220ce3310ca1a9445fd8e6d3572a896e7f9146bbf019",
                "sha256:27bf62cb2b1a2068d443ff7097ee33393f8483b570b475db8ebf7e1cba64f088",
                "sha256:27ea6fd1c02dcc78172a82fc37fcc0992a94e4cecf53cb6d73f11749825bd98b",
                "sha256:2c1b21b44ac9beb0fc848d3993924147ba45c4ebc24be19825e57aabbe74a99e",
                "sha256:2df72ab12046a3496a92476020a1a0abf78b2a7db9ff4dc2036b8dd980203ae6",
                "sha256:320ffd3de9699d3892048baee45ebfbbf9388a7d65d832d7e580243ade426d2b",
                "sha256:50e3b9a464d5d08cc5227413db0d1c4707b6172e4d4d915c1c70e4de0bbff1f5",
                "sha256:5276db7ff62bb7b52f77f1f51ed58850e315154249aceb42e7f4c611f0f847ff",
                "sha256:61a6cf00dcb1a7f0c773ed4acc509cb636af2d6337a08f362413c76b2b47a8dd",
                "sha256:6ae6c4cb59f199d8827c5a07546b2ab7e85d262acaccaacd49b62f53f7c456f7",
                "sha256:7661d401d60d8bf15bb5da39e4dd72f5d764c5aff5a86ef52a042506e3e970ff",
                "sha256:7bd527f36a605c914efca5d3d014170b2cb184723e423d26b1fb2fd9108e264d",
                "sha256:7cb54db3535c8686ea12e9535eb087d32421184eacc6939ef15ef50f83a5e7e2",
                "sha256:7f3a2d740291f7f2c111d86a1c4851b70fb000a6c8883a59660d95ad57b9df35",
                "sha256:81304b7d8e9c824d058087dcb89144842c8e0dea6d281c031f59f0acf66963d4",
                "sha256:933947e8b4fbe617a51528b09851685138b49d511af0b6c0da2539115d6d4514",
                "sha256:94223d7f060301b3a8c09c9b3bc3294b56b2188e7d8179c762a1cda72c979252",
                "sha256:ab3ca49afcb47058393b0122428358d2fbe0408cf99f1b58b295cfeb4ed39109",
                "sha256:bd6292f565ca46dee4e737ebcc20742e3b5be2b01556dafe169f6c65d088875f",
                "sha256:cb924aa3e4a3fb644d0c463cad5bc2572649a6a3f68a7f8e4fbe44aaa6d77e4c",
                "sha256:d0fc7a286feac9077ec52a927fc9fe8fe2fabab95426722be4c953c9a8bede92",
                "sha256:ddc34786490a6e4ec0a855d401034cbd1242ef186c20d79d2166d6a4bd449577",
                "sha256:e34b155e36fa9da7e1b7c738ed7767fc9491a62ec6af70fe9da4a057759edc2d",
                "sha256:e5b9e8f6bda48460b7b143c3821b21b452cb3a835e6bbd5dd33aa0c8d3f5137d",
                "sha256:e81ebf6c5ee9684be8f2c87563880f93eedd56dd2b6146d8a725b50b7e5adb0f",
                "sha256:eb91be369f945f10d3a49f5f9be8b3d0b93a4c2be8f8a5b83b0571b8123e0a7a",
                "sha256:f460d1ceb0e4a5dcb2a652db0904224f367c9b3c1470d5a7683c0480e582468b"
            ],
            "version": "==1.3.1"
        },
        "mccabe": {
            "hashes": [
                "sha256:ab8a6258860da4b6677da4bd2fe5dc2c659cff31b3ee4f7f5d64e79735b80d42",
                "sha256:dd8d182285a0fe56bace7f45b5e7d1a6ebcbf524e8f3bd87eb0f125271b8831f"
            ],
            "version": "==0.6.1"
        },
        "pylint": {
            "hashes": [
                "sha256:09bc539f85706f2cca720a7ddf28f5c6cf8185708d6cb5bbf7a90a32c3b3b0aa",
                "sha256:b8471105f12c73a1b9eee2bb2474080370e062a7290addd215eb34bc4dfe9fd8"
            ],
            "index": "pypi",
            "version": "==1.9.3"
        },
        "singledispatch": {
            "hashes": [
                "sha256:5b06af87df13818d14f08a028e42f566640aef80805c3b50c5056b086e3c2b9c",
                "sha256:833b46966687b3de7f438c761ac475213e53b306740f1abfaa86e1d1aae56aa8"
            ],
            "markers": "python_version < '3.4'",
            "version": "==3.4.0.3"
        },
        "six": {
            "hashes": [
                "sha256:70e8a77beed4562e7f14fe23a786b54f6296e34344c23bc42f07b15018ff98e9",
                "sha256:832dc0e10feb1aa2c68dcc57dbb658f1c7e65b9b61af69048abc87a2db00a0eb"
            ],
            "version": "==1.11.0"
        },
        "wrapt": {
            "hashes": [
                "sha256:d4d560d479f2c21e1b5443bbd15fe7ec4b37fe7e53d335d3b9b0a7b1226fe3c6"
            ],
            "version": "==1.10.11"
        }
    }
}
